
Microsoft Visual Studio Solution File, Format Version 12.00
# Visual Studio Version 17
VisualStudioVersion = 17.9.34728.123
MinimumVisualStudioVersion = 10.0.40219.1
Project("{FAE04EC0-301F-11D3-BF4B-00C04F79EFBC}") = "WhiteLagoon.Web", "WhiteLagoon.Web\WhiteLagoon.Web.csproj", "{27381B4A-D2A0-47ED-9479-0DD1D7E5BE7E}"
EndProject
Global
	GlobalSection(SolutionConfigurationPlatforms) = preSolution
		Debug|Any CPU = Debug|Any CPU
		Release|Any CPU = Release|Any CPU
	EndGlobalSection
	GlobalSection(ProjectConfigurationPlatforms) = postSolution
		{27381B4A-D2A0-47ED-9479-0DD1D7E5BE7E}.Debug|Any CPU.ActiveCfg = Debug|Any CPU
		{27381B4A-D2A0-47ED-9479-0DD1D7E5BE7E}.Debug|Any CPU.Build.0 = Debug|Any CPU
		{27381B4A-D2A0-47ED-9479-0DD1D7E5BE7E}.Release|Any CPU.ActiveCfg = Release|Any CPU
		{27381B4A-D2A0-47ED-9479-0DD1D7E5BE7E}.Release|Any CPU.Build.0 = Release|Any CPU
	EndGlobalSection
	GlobalSection(SolutionProperties) = preSolution
		HideSolutionNode = FALSE
	EndGlobalSection
	GlobalSection(ExtensibilityGlobals) = postSolution
		SolutionGuid = {D293060D-433C-4821-8933-7962C99DB4F1}
	EndGlobalSection
EndGlobal
